// !$*UTF8*$!
{
	archiveVersion = 1;
	classes = {
	};
	objectVersion = 50;
	objects = {

/* Begin PBXBuildFile section */
		BF8FB73326DE6A9E005DF712 /* AppDelegate.swift in Sources */ = {isa = PBXBuildFile; fileRef = BF8FB73226DE6A9E005DF712 /* AppDelegate.swift */; };
		BF8FB73526DE6A9E005DF712 /* SceneDelegate.swift in Sources */ = {isa = PBXBuildFile; fileRef = BF8FB73426DE6A9E005DF712 /* SceneDelegate.swift */; };
		BF8FB73726DE6A9E005DF712 /* ViewController.swift in Sources */ = {isa = PBXBuildFile; fileRef = BF8FB73626DE6A9E005DF712 /* ViewController.swift */; };
		BF8FB73A26DE6A9E005DF712 /* Main.storyboard in Resources */ = {isa = PBXBuildFile; fileRef = BF8FB73826DE6A9E005DF712 /* Main.storyboard */; };
		BF8FB73C26DE6AA1005DF712 /* Assets.xcassets in Resources */ = {isa = PBXBuildFile; fileRef = BF8FB73B26DE6AA1005DF712 /* Assets.xcassets */; };
		BF8FB73F26DE6AA1005DF712 /* LaunchScreen.storyboard in Resources */ = {isa = PBXBuildFile; fileRef = BF8FB73D26DE6AA1005DF712 /* LaunchScreen.storyboard */; };
		BF8FB74826DE6AC7005DF712 /* CompanyModel.swift in Sources */ = {isa = PBXBuildFile; fileRef = BF8FB74726DE6AC6005DF712 /* CompanyModel.swift */; };
		BF8FB74B26DEC7E5005DF712 /* Network.swift in Sources */ = {isa = PBXBuildFile; fileRef = BF8FB74A26DEC7E5005DF712 /* Network.swift */; };
		BF8FB74E26DEDEC5005DF712 /* MyCustomTableViewCell.swift in Sources */ = {isa = PBXBuildFile; fileRef = BF8FB74D26DEDEC5005DF712 /* MyCustomTableViewCell.swift */; };
/* End PBXBuildFile section */

/* Begin PBXFileReference section */
		BF8FB72F26DE6A9E005DF712 /* avito_myTestTask.app */ = {isa = PBXFileReference; explicitFileType = wrapper.application; includeInIndex = 0; path = avito_myTestTask.app; sourceTree = BUILT_PRODUCTS_DIR; };
		BF8FB73226DE6A9E005DF712 /* AppDelegate.swift */ = {isa = PBXFileReference; lastKnownFileType = sourcecode.swift; path = AppDelegate.swift; sourceTree = "<group>"; };
		BF8FB73426DE6A9E005DF712 /* SceneDelegate.swift */ = {isa = PBXFileReference; lastKnownFileType = sourcecode.swift; path = SceneDelegate.swift; sourceTree = "<group>"; };
		BF8FB73626DE6A9E005DF712 /* ViewController.swift */ = {isa = PBXFileReference; lastKnownFileType = sourcecode.swift; path = ViewController.swift; sourceTree = "<group>"; };
		BF8FB73926DE6A9E005DF712 /* Base */ = {isa = PBXFileReference; lastKnownFileType = file.storyboard; name = Base; path = Base.lproj/Main.storyboard; sourceTree = "<group>"; };
		BF8FB73B26DE6AA1005DF712 /* Assets.xcassets */ = {isa = PBXFileReference; lastKnownFileType = folder.assetcatalog; path = Assets.xcassets; sourceTree = "<group>"; };
		BF8FB73E26DE6AA1005DF712 /* Base */ = {isa = PBXFileReference; lastKnownFileType = file.storyboard; name = Base; path = Base.lproj/LaunchScreen.storyboard; sourceTree = "<group>"; };
		BF8FB74026DE6AA1005DF712 /* Info.plist */ = {isa = PBXFileReference; lastKnownFileType = text.plist.xml; path = Info.plist; sourceTree = "<group>"; };
		BF8FB74726DE6AC6005DF712 /* CompanyModel.swift */ = {isa = PBXFileReference; lastKnownFileType = sourcecode.swift; path = CompanyModel.swift; sourceTree = "<group>"; };
		BF8FB74A26DEC7E5005DF712 /* Network.swift */ = {isa = PBXFileReference; lastKnownFileType = sourcecode.swift; path = Network.swift; sourceTree = "<group>"; };
		BF8FB74D26DEDEC5005DF712 /* MyCustomTableViewCell.swift */ = {isa = PBXFileReference; lastKnownFileType = sourcecode.swift; path = MyCustomTableViewCell.swift; sourceTree = "<group>"; };
/* End PBXFileReference section */

/* Begin PBXFrameworksBuildPhase section */
		BF8FB72C26DE6A9E005DF712 /* Frameworks */ = {
			isa = PBXFrameworksBuildPhase;
			buildActionMask = 2147483647;
			files = (
			);
			runOnlyForDeploymentPostprocessing = 0;
		};
/* End PBXFrameworksBuildPhase section */

/* Begin PBXGroup section */
		BF8FB72626DE6A9D005DF712 = {
			isa = PBXGroup;
			children = (
				BF8FB73126DE6A9E005DF712 /* avito_myTestTask */,
				BF8FB73026DE6A9E005DF712 /* Products */,
			);
			sourceTree = "<group>";
		};
		BF8FB73026DE6A9E005DF712 /* Products */ = {
			isa = PBXGroup;
			children = (
				BF8FB72F26DE6A9E005DF712 /* avito_myTestTask.app */,
			);
			name = Products;
			sourceTree = "<group>";
		};
		BF8FB73126DE6A9E005DF712 /* avito_myTestTask */ = {
			isa = PBXGroup;
			children = (
				BFD1EABF26E791D1009E42C9 /* Delegates */,
				BFD1EABD26E791C4009E42C9 /* View */,
				BFD1EABC26E791BA009E42C9 /* Controller */,
				BFD1EAB726E7907F009E42C9 /* Model */,
				BF8FB73826DE6A9E005DF712 /* Main.storyboard */,
				BFD1EAB826E79096009E42C9 /* Service */,
				BF8FB73B26DE6AA1005DF712 /* Assets.xcassets */,
				BF8FB73D26DE6AA1005DF712 /* LaunchScreen.storyboard */,
				BF8FB74026DE6AA1005DF712 /* Info.plist */,
			);
			path = avito_myTestTask;
			sourceTree = "<group>";
		};
		BFD1EAB726E7907F009E42C9 /* Model */ = {
			isa = PBXGroup;
			children = (
				BF8FB74726DE6AC6005DF712 /* CompanyModel.swift */,
			);
			path = Model;
			sourceTree = "<group>";
		};
		BFD1EAB826E79096009E42C9 /* Service */ = {
			isa = PBXGroup;
			children = (
				BF8FB74A26DEC7E5005DF712 /* Network.swift */,
			);
			path = Service;
			sourceTree = "<group>";
		};
		BFD1EABC26E791BA009E42C9 /* Controller */ = {
			isa = PBXGroup;
			children = (
				BF8FB73626DE6A9E005DF712 /* ViewController.swift */,
			);
			path = Controller;
			sourceTree = "<group>";
		};
		BFD1EABD26E791C4009E42C9 /* View */ = {
			isa = PBXGroup;
			children = (
				BF8FB74D26DEDEC5005DF712 /* MyCustomTableViewCell.swift */,
			);
			path = View;
			sourceTree = "<group>";
		};
		BFD1EABF26E791D1009E42C9 /* Delegates */ = {
			isa = PBXGroup;
			children = (
				BF8FB73226DE6A9E005DF712 /* AppDelegate.swift */,
				BF8FB73426DE6A9E005DF712 /* SceneDelegate.swift */,
			);
			path = Delegates;
			sourceTree = "<group>";
		};
/* End PBXGroup section */

/* Begin PBXNativeTarget section */
		BF8FB72E26DE6A9E005DF712 /* avito_myTestTask */ = {
			isa = PBXNativeTarget;
			buildConfigurationList = BF8FB74326DE6AA1005DF712 /* Build configuration list for PBXNativeTarget "avito_myTestTask" */;
			buildPhases = (
				BF8FB72B26DE6A9E005DF712 /* Sources */,
				BF8FB72C26DE6A9E005DF712 /* Frameworks */,
				BF8FB72D26DE6A9E005DF712 /* Resources */,
			);
			buildRules = (
			);
			dependencies = (
			);
			name = avito_myTestTask;
			productName = avito_myTestTask;
			productReference = BF8FB72F26DE6A9E005DF712 /* avito_myTestTask.app */;
			productType = "com.apple.product-type.application";
		};
/* End PBXNativeTarget section */

/* Begin PBXProject section */
		BF8FB72726DE6A9D005DF712 /* Project object */ = {
			isa = PBXProject;
			attributes = {
				LastSwiftUpdateCheck = 1230;
				LastUpgradeCheck = 1230;
				TargetAttributes = {
					BF8FB72E26DE6A9E005DF712 = {
						CreatedOnToolsVersion = 12.3;
					};
				};
			};
			buildConfigurationList = BF8FB72A26DE6A9D005DF712 /* Build configuration list for PBXProject "avito_myTestTask" */;
			compatibilityVersion = "Xcode 9.3";
			developmentRegion = en;
			hasScannedForEncodings = 0;
			knownRegions = (
				en,
				Base,
			);
			mainGroup = BF8FB72626DE6A9D005DF712;
			productRefGroup = BF8FB73026DE6A9E005DF712 /* Products */;
			projectDirPath = "";
			projectRoot = "";
			targets = (
				BF8FB72E26DE6A9E005DF712 /* avito_myTestTask */,
			);
		};
/* End PBXProject section */

/* Begin PBXResourcesBuildPhase section */
		BF8FB72D26DE6A9E005DF712 /* Resources */ = {
			isa = PBXResourcesBuildPhase;
			buildActionMask = 2147483647;
			files = (
				BF8FB73F26DE6AA1005DF712 /* LaunchScreen.storyboard in Resources */,
				BF8FB73C26DE6AA1005DF712 /* Assets.xcassets in Resources */,
				BF8FB73A26DE6A9E005DF712 /* Main.storyboard in Resources */,
			);
			runOnlyForDeploymentPostprocessing = 0;
		};
/* End PBXResourcesBuildPhase section */

/* Begin PBXSourcesBuildPhase section */
		BF8FB72B26DE6A9E005DF712 /* Sources */ = {
			isa = PBXSourcesBuildPhase;
			buildActionMask = 2147483647;
			files = (
				BF8FB74B26DEC7E5005DF712 /* Network.swift in Sources */,
				BF8FB73726DE6A9E005DF712 /* ViewController.swift in Sources */,
				BF8FB74E26DEDEC5005DF712 /* MyCustomTableViewCell.swift in Sources */,
				BF8FB74826DE6AC7005DF712 /* CompanyModel.swift in Sources */,
				BF8FB73326DE6A9E005DF712 /* AppDelegate.swift in Sources */,
				BF8FB73526DE6A9E005DF712 /* SceneDelegate.swift in Sources */,
			);
			runOnlyForDeploymentPostprocessing = 0;
		};
/* End PBXSourcesBuildPhase section */

/* Begin PBXVariantGroup section */
		BF8FB73826DE6A9E005DF712 /* Main.storyboard */ = {
			isa = PBXVariantGroup;
			children = (
				BF8FB73926DE6A9E005DF712 /* Base */,
			);
			name = Main.storyboard;
			sourceTree = "<group>";
		};
		BF8FB73D26DE6AA1005DF712 /* LaunchScreen.storyboard */ = {
			isa = PBXVariantGroup;
			children = (
				BF8FB73E26DE6AA1005DF712 /* Base */,
			);
			name = LaunchScreen.storyboard;
			sourceTree = "<group>";
		};
/* End PBXVariantGroup section */

/* Begin XCBuildConfiguration section */
		BF8FB74126DE6AA1005DF712 /* Debug */ = {
			isa = XCBuildConfiguration;
			buildSettings = {
				ALWAYS_SEARCH_USER_PATHS = NO;
				CLANG_ANALYZER_NONNULL = YES;
				CLANG_ANALYZER_NUMBER_OBJECT_CONVERSION = YES_AGGRESSIVE;
				CLANG_CXX_LANGUAGE_STANDARD = "gnu++14";
				CLANG_CXX_LIBRARY = "libc++";
				CLANG_ENABLE_MODULES = YES;
				CLANG_ENABLE_OBJC_ARC = YES;
				CLANG_ENABLE_OBJC_WEAK = YES;
				CLANG_WARN_BLOCK_CAPTURE_AUTORELEASING = YES;
				CLANG_WARN_BOOL_CONVERSION = YES;
				CLANG_WARN_COMMA = YES;
				CLANG_WARN_CONSTANT_CONVERSION = YES;
				CLANG_WARN_DEPRECATED_OBJC_IMPLEMENTATIONS = YES;
				CLANG_WARN_DIRECT_OBJC_ISA_USAGE = YES_ERROR;
				CLANG_WARN_DOCUMENTATION_COMMENTS = YES;
				CLANG_WARN_EMPTY_BODY = YES;
				CLANG_WARN_ENUM_CONVERSION = YES;
				CLANG_WARN_INFINITE_RECURSION = YES;
				CLANG_WARN_INT_CONVERSION = YES;
				CLANG_WARN_NON_LITERAL_NULL_CONVERSION = YES;
				CLANG_WARN_OBJC_IMPLICIT_RETAIN_SELF = YES;
				CLANG_WARN_OBJC_LITERAL_CONVERSION = YES;
				CLANG_WARN_OBJC_ROOT_CLASS = YES_ERROR;
				CLANG_WARN_QUOTED_INCLUDE_IN_FRAMEWORK_HEADER = YES;
				CLANG_WARN_RANGE_LOOP_ANALYSIS = YES;
				CLANG_WARN_STRICT_PROTOTYPES = YES;
				CLANG_WARN_SUSPICIOUS_MOVE = YES;
				CLANG_WARN_UNGUARDED_AVAILABILITY = YES_AGGRESSIVE;
				CLANG_WARN_UNREACHABLE_CODE = YES;
				CLANG_WARN__DUPLICATE_METHOD_MATCH = YES;
				COPY_PHASE_STRIP = NO;
				DEBUG_INFORMATION_FORMAT = dwarf;
				ENABLE_STRICT_OBJC_MSGSEND = YES;
				ENABLE_TESTABILITY = YES;
				GCC_C_LANGUAGE_STANDARD = gnu11;
				GCC_DYNAMIC_NO_PIC = NO;
				GCC_NO_COMMON_BLOCKS = YES;
				GCC_OPTIMIZATION_LEVEL = 0;
				GCC_PREPROCESSOR_DEFINITIONS = (
					"DEBUG=1",
					"$(inherited)",
				);
				GCC_WARN_64_TO_32_BIT_CONVERSION = YES;
				GCC_WARN_ABOUT_RETURN_TYPE = YES_ERROR;
				GCC_WARN_UNDECLARED_SELECTOR = YES;
				GCC_WARN_UNINITIALIZED_AUTOS = YES_AGGRESSIVE;
				GCC_WARN_UNUSED_FUNCTION = YES;
				GCC_WARN_UNUSED_VARIABLE = YES;
				IPHONEOS_DEPLOYMENT_TARGET = 14.3;
				MTL_ENABLE_DEBUG_INFO = INCLUDE_SOURCE;
				MTL_FAST_MATH = YES;
				ONLY_ACTIVE_ARCH = YES;
				SDKROOT = iphoneos;
				SWIFT_ACTIVE_COMPILATION_CONDITIONS = DEBUG;
				SWIFT_OPTIMIZATION_LEVEL = "-Onone";
			};
			name = Debug;
		};
		BF8FB74226DE6AA1005DF712 /* Release */ = {
			isa = XCBuildConfiguration;
			buildSettings = {
				ALWAYS_SEARCH_USER_PATHS = NO;
				CLANG_ANALYZER_NONNULL = YES;
				CLANG_ANALYZER_NUMBER_OBJECT_CONVERSION = YES_AGGRESSIVE;
				CLANG_CXX_LANGUAGE_STANDARD = "gnu++14";
				CLANG_CXX_LIBRARY = "libc++";
				CLANG_ENABLE_MODULES = YES;
				CLANG_ENABLE_OBJC_ARC = YES;
				CLANG_ENABLE_OBJC_WEAK = YES;
				CLANG_WARN_BLOCK_CAPTURE_AUTORELEASING = YES;
				CLANG_WARN_BOOL_CONVERSION = YES;
				CLANG_WARN_COMMA = YES;
				CLANG_WARN_CONSTANT_CONVERSION = YES;
				CLANG_WARN_DEPRECATED_OBJC_IMPLEMENTATIONS = YES;
				CLANG_WARN_DIRECT_OBJC_ISA_USAGE = YES_ERROR;
				CLANG_WARN_DOCUMENTATION_COMMENTS = YES;
				CLANG_WARN_EMPTY_BODY = YES;
				CLANG_WARN_ENUM_CONVERSION = YES;
				CLANG_WARN_INFINITE_RECURSION = YES;
				CLANG_WARN_INT_CONVERSION = YES;
				CLANG_WARN_NON_LITERAL_NULL_CONVERSION = YES;
				CLANG_WARN_OBJC_IMPLICIT_RETAIN_SELF = YES;
				CLANG_WARN_OBJC_LITERAL_CONVERSION = YES;
				CLANG_WARN_OBJC_ROOT_CLASS = YES_ERROR;
				CLANG_WARN_QUOTED_INCLUDE_IN_FRAMEWORK_HEADER = YES;
				CLANG_WARN_RANGE_LOOP_ANALYSIS = YES;
				CLANG_WARN_STRICT_PROTOTYPES = YES;
				CLANG_WARN_SUSPICIOUS_MOVE = YES;
				CLANG_WARN_UNGUARDED_AVAILABILITY = YES_AGGRESSIVE;
				CLANG_WARN_UNREACHABLE_CODE = YES;
				CLANG_WARN__DUPLICATE_METHOD_MATCH = YES;
				COPY_PHASE_STRIP = NO;
				DEBUG_INFORMATION_FORMAT = "dwarf-with-dsym";
				ENABLE_NS_ASSERTIONS = NO;
				ENABLE_STRICT_OBJC_MSGSEND = YES;
				GCC_C_LANGUAGE_STANDARD = gnu11;
				GCC_NO_COMMON_BLOCKS = YES;
				GCC_WARN_64_TO_32_BIT_CONVERSION = YES;
				GCC_WARN_ABOUT_RETURN_TYPE = YES_ERROR;
				GCC_WARN_UNDECLARED_SELECTOR = YES;
				GCC_WARN_UNINITIALIZED_AUTOS = YES_AGGRESSIVE;
				GCC_WARN_UNUSED_FUNCTION = YES;
				GCC_WARN_UNUSED_VARIABLE = YES;
				IPHONEOS_DEPLOYMENT_TARGET = 14.3;
				MTL_ENABLE_DEBUG_INFO = NO;
				MTL_FAST_MATH = YES;
				SDKROOT = iphoneos;
				SWIFT_COMPILATION_MODE = wholemodule;
				SWIFT_OPTIMIZATION_LEVEL = "-O";
				VALIDATE_PRODUCT = YES;
			};
			name = Release;
		};
		BF8FB74426DE6AA1005DF712 /* Debug */ = {
			isa = XCBuildConfiguration;
			buildSettings = {
				ASSETCATALOG_COMPILER_APPICON_NAME = AppIcon;
				ASSETCATALOG_COMPILER_GLOBAL_ACCENT_COLOR_NAME = AccentColor;
				CODE_SIGN_STYLE = Automatic;
				DEVELOPMENT_TEAM = 59S49A5L67;
				INFOPLIST_FILE = avito_myTestTask/Info.plist;
				IPHONEOS_DEPLOYMENT_TARGET = 13.0;
				LD_RUNPATH_SEARCH_PATHS = (
					"$(inherited)",
					"@executable_path/Frameworks",
				);
				PRODUCT_BUNDLE_IDENTIFIER = "petar.avito-myTestTask";
				PRODUCT_NAME = "$(TARGET_NAME)";
				SWIFT_VERSION = 5.0;
				TARGETED_DEVICE_FAMILY = "1,2";
			};
			name = Debug;
		};
		BF8FB74526DE6AA1005DF712 /* Release */ = {
			isa = XCBuildConfiguration;
			buildSettings = {
				ASSETCATALOG_COMPILER_APPICON_NAME = AppIcon;
				ASSETCATALOG_COMPILER_GLOBAL_ACCENT_COLOR_NAME = AccentColor;
				CODE_SIGN_STYLE = Automatic;
				DEVELOPMENT_TEAM = 59S49A5L67;
				INFOPLIST_FILE = avito_myTestTask/Info.plist;
				IPHONEOS_DEPLOYMENT_TARGET = 13.0;
				LD_RUNPATH_SEARCH_PATHS = (
					"$(inherited)",
					"@executable_path/Frameworks",
				);
				PRODUCT_BUNDLE_IDENTIFIER = "petar.avito-myTestTask";
				PRODUCT_NAME = "$(TARGET_NAME)";
				SWIFT_VERSION = 5.0;
				TARGETED_DEVICE_FAMILY = "1,2";
			};
			name = Release;
		};
/* End XCBuildConfiguration section */

/* Begin XCConfigurationList section */
		BF8FB72A26DE6A9D005DF712 /* Build configuration list for PBXProject "avito_myTestTask" */ = {
			isa = XCConfigurationList;
			buildConfigurations = (
				BF8FB74126DE6AA1005DF712 /* Debug */,
				BF8FB74226DE6AA1005DF712 /* Release */,
			);
			defaultConfigurationIsVisible = 0;
			defaultConfigurationName = Release;
		};
		BF8FB74326DE6AA1005DF712 /* Build configuration list for PBXNativeTarget "avito_myTestTask" */ = {
			isa = XCConfigurationList;
			buildConfigurations = (
				BF8FB74426DE6AA1005DF712 /* Debug */,
				BF8FB74526DE6AA1005DF712 /* Release */,
			);
			defaultConfigurationIsVisible = 0;
			defaultConfigurationName = Release;
		};
/* End XCConfigurationList section */
	};
	rootObject = BF8FB72726DE6A9D005DF712 /* Project object */;
}
